// !$*UTF8*$!
{
	archiveVersion = 1;
	classes = {
	};
	objectVersion = 46;
	objects = {

/* Begin PBXBuildFile section */
		842251BE1CD6F15100810A21 /* AppDelegate.swift in Sources */ = {isa = PBXBuildFile; fileRef = 842251BD1CD6F15100810A21 /* AppDelegate.swift */; };
		842251C31CD6F15100810A21 /* Main.storyboard in Resources */ = {isa = PBXBuildFile; fileRef = 842251C11CD6F15100810A21 /* Main.storyboard */; };
		842251C51CD6F15100810A21 /* Assets.xcassets in Resources */ = {isa = PBXBuildFile; fileRef = 842251C41CD6F15100810A21 /* Assets.xcassets */; };
		842251C81CD6F15100810A21 /* LaunchScreen.storyboard in Resources */ = {isa = PBXBuildFile; fileRef = 842251C61CD6F15100810A21 /* LaunchScreen.storyboard */; };
		845982CC1CD70A630038F5AE /* TabBarController.swift in Sources */ = {isa = PBXBuildFile; fileRef = 845982CB1CD70A630038F5AE /* TabBarController.swift */; };
		845982CE1CD711900038F5AE /* RealEstate.swift in Sources */ = {isa = PBXBuildFile; fileRef = 845982CD1CD711900038F5AE /* RealEstate.swift */; };
		845982D01CD718810038F5AE /* VRTourViewController.swift in Sources */ = {isa = PBXBuildFile; fileRef = 845982CF1CD718810038F5AE /* VRTourViewController.swift */; };
		845982D41CD72DAF0038F5AE /* MapKit.framework in Frameworks */ = {isa = PBXBuildFile; fileRef = 845982D31CD72DAF0038F5AE /* MapKit.framework */; };
		845982D61CD72DCB0038F5AE /* MapViewController.swift in Sources */ = {isa = PBXBuildFile; fileRef = 845982D51CD72DCB0038F5AE /* MapViewController.swift */; };
		845982D81CD740000038F5AE /* ProfileTableViewController.swift in Sources */ = {isa = PBXBuildFile; fileRef = 845982D71CD740000038F5AE /* ProfileTableViewController.swift */; };
/* End PBXBuildFile section */

/* Begin PBXFileReference section */
		842251BA1CD6F15100810A21 /* Virtual Tour.app */ = {isa = PBXFileReference; explicitFileType = wrapper.application; includeInIndex = 0; path = "Virtual Tour.app"; sourceTree = BUILT_PRODUCTS_DIR; };
		842251BD1CD6F15100810A21 /* AppDelegate.swift */ = {isa = PBXFileReference; lastKnownFileType = sourcecode.swift; path = AppDelegate.swift; sourceTree = "<group>"; };
		842251C21CD6F15100810A21 /* Base */ = {isa = PBXFileReference; lastKnownFileType = file.storyboard; name = Base; path = Base.lproj/Main.storyboard; sourceTree = "<group>"; };
		842251C41CD6F15100810A21 /* Assets.xcassets */ = {isa = PBXFileReference; lastKnownFileType = folder.assetcatalog; path = Assets.xcassets; sourceTree = "<group>"; };
		842251C71CD6F15100810A21 /* Base */ = {isa = PBXFileReference; lastKnownFileType = file.storyboard; name = Base; path = Base.lproj/LaunchScreen.storyboard; sourceTree = "<group>"; };
		842251C91CD6F15100810A21 /* Info.plist */ = {isa = PBXFileReference; lastKnownFileType = text.plist.xml; path = Info.plist; sourceTree = "<group>"; };
		845982CB1CD70A630038F5AE /* TabBarController.swift */ = {isa = PBXFileReference; fileEncoding = 4; lastKnownFileType = sourcecode.swift; path = TabBarController.swift; sourceTree = "<group>"; };
		845982CD1CD711900038F5AE /* RealEstate.swift */ = {isa = PBXFileReference; fileEncoding = 4; lastKnownFileType = sourcecode.swift; path = RealEstate.swift; sourceTree = "<group>"; };
		845982CF1CD718810038F5AE /* VRTourViewController.swift */ = {isa = PBXFileReference; fileEncoding = 4; lastKnownFileType = sourcecode.swift; path = VRTourViewController.swift; sourceTree = "<group>"; };
		845982D31CD72DAF0038F5AE /* MapKit.framework */ = {isa = PBXFileReference; lastKnownFileType = wrapper.framework; name = MapKit.framework; path = System/Library/Frameworks/MapKit.framework; sourceTree = SDKROOT; };
		845982D51CD72DCB0038F5AE /* MapViewController.swift */ = {isa = PBXFileReference; fileEncoding = 4; lastKnownFileType = sourcecode.swift; path = MapViewController.swift; sourceTree = "<group>"; };
		845982D71CD740000038F5AE /* ProfileTableViewController.swift */ = {isa = PBXFileReference; fileEncoding = 4; lastKnownFileType = sourcecode.swift; path = ProfileTableViewController.swift; sourceTree = "<group>"; };
/* End PBXFileReference section */

/* Begin PBXFrameworksBuildPhase section */
		842251B71CD6F15100810A21 /* Frameworks */ = {
			isa = PBXFrameworksBuildPhase;
			buildActionMask = 2147483647;
			files = (
				845982D41CD72DAF0038F5AE /* MapKit.framework in Frameworks */,
			);
			runOnlyForDeploymentPostprocessing = 0;
		};
/* End PBXFrameworksBuildPhase section */

/* Begin PBXGroup section */
		842251B11CD6F15100810A21 = {
			isa = PBXGroup;
			children = (
				845982D31CD72DAF0038F5AE /* MapKit.framework */,
				842251BC1CD6F15100810A21 /* Virtual Tour */,
				842251BB1CD6F15100810A21 /* Products */,
			);
			sourceTree = "<group>";
		};
		842251BB1CD6F15100810A21 /* Products */ = {
			isa = PBXGroup;
			children = (
				842251BA1CD6F15100810A21 /* Virtual Tour.app */,
			);
			name = Products;
			sourceTree = "<group>";
		};
		842251BC1CD6F15100810A21 /* Virtual Tour */ = {
			isa = PBXGroup;
			children = (
				842251BD1CD6F15100810A21 /* AppDelegate.swift */,
				845982CD1CD711900038F5AE /* RealEstate.swift */,
				845982CB1CD70A630038F5AE /* TabBarController.swift */,
				845982CF1CD718810038F5AE /* VRTourViewController.swift */,
				845982D51CD72DCB0038F5AE /* MapViewController.swift */,
				845982D71CD740000038F5AE /* ProfileTableViewController.swift */,
				842251C11CD6F15100810A21 /* Main.storyboard */,
				842251CF1CD6F81C00810A21 /* Resource Files */,
			);
			path = "Virtual Tour";
			sourceTree = "<group>";
		};
		842251CF1CD6F81C00810A21 /* Resource Files */ = {
			isa = PBXGroup;
			children = (
				842251C41CD6F15100810A21 /* Assets.xcassets */,
				842251C61CD6F15100810A21 /* LaunchScreen.storyboard */,
				842251C91CD6F15100810A21 /* Info.plist */,
			);
			name = "Resource Files";
			sourceTree = "<group>";
		};
/* End PBXGroup section */

/* Begin PBXNativeTarget section */
		842251B91CD6F15100810A21 /* Virtual Tour */ = {
			isa = PBXNativeTarget;
			buildConfigurationList = 842251CC1CD6F15100810A21 /* Build configuration list for PBXNativeTarget "Virtual Tour" */;
			buildPhases = (
				842251B61CD6F15100810A21 /* Sources */,
				842251B71CD6F15100810A21 /* Frameworks */,
				842251B81CD6F15100810A21 /* Resources */,
			);
			buildRules = (
			);
			dependencies = (
			);
			name = "Virtual Tour";
			productName = "Virtual Tour";
			productReference = 842251BA1CD6F15100810A21 /* Virtual Tour.app */;
			productType = "com.apple.product-type.application";
		};
/* End PBXNativeTarget section */

/* Begin PBXProject section */
		842251B21CD6F15100810A21 /* Project object */ = {
			isa = PBXProject;
			attributes = {
				LastSwiftUpdateCheck = 0730;
				LastUpgradeCheck = 0730;
				ORGANIZATIONNAME = Morra;
				TargetAttributes = {
					842251B91CD6F15100810A21 = {
						CreatedOnToolsVersion = 7.3;
						SystemCapabilities = {
							com.apple.Maps.iOS = {
								enabled = 1;
							};
						};
					};
				};
			};
			buildConfigurationList = 842251B51CD6F15100810A21 /* Build configuration list for PBXProject "Virtual Tour" */;
			compatibilityVersion = "Xcode 3.2";
			developmentRegion = English;
			hasScannedForEncodings = 0;
			knownRegions = (
				en,
				Base,
			);
			mainGroup = 842251B11CD6F15100810A21;
			productRefGroup = 842251BB1CD6F15100810A21 /* Products */;
			projectDirPath = "";
			projectRoot = "";
			targets = (
				842251B91CD6F15100810A21 /* Virtual Tour */,
			);
		};
/* End PBXProject section */

/* Begin PBXResourcesBuildPhase section */
		842251B81CD6F15100810A21 /* Resources */ = {
			isa = PBXResourcesBuildPhase;
			buildActionMask = 2147483647;
			files = (
				842251C81CD6F15100810A21 /* LaunchScreen.storyboard in Resources */,
				842251C51CD6F15100810A21 /* Assets.xcassets in Resources */,
				842251C31CD6F15100810A21 /* Main.storyboard in Resources */,
			);
			runOnlyForDeploymentPostprocessing = 0;
		};
/* End PBXResourcesBuildPhase section */

/* Begin PBXSourcesBuildPhase section */
		842251B61CD6F15100810A21 /* Sources */ = {
			isa = PBXSourcesBuildPhase;
			buildActionMask = 2147483647;
			files = (
				845982D81CD740000038F5AE /* ProfileTableViewController.swift in Sources */,
				845982CC1CD70A630038F5AE /* TabBarController.swift in Sources */,
				845982CE1CD711900038F5AE /* RealEstate.swift in Sources */,
				845982D01CD718810038F5AE /* VRTourViewController.swift in Sources */,
				845982D61CD72DCB0038F5AE /* MapViewController.swift in Sources */,
				842251BE1CD6F15100810A21 /* AppDelegate.swift in Sources */,
			);
			runOnlyForDeploymentPostprocessing = 0;
		};
/* End PBXSourcesBuildPhase section */

/* Begin PBXVariantGroup section */
		842251C11CD6F15100810A21 /* Main.storyboard */ = {
			isa = PBXVariantGroup;
			children = (
				842251C21CD6F15100810A21 /* Base */,
			);
			name = Main.storyboard;
			sourceTree = "<group>";
		};
		842251C61CD6F15100810A21 /* LaunchScreen.storyboard */ = {
			isa = PBXVariantGroup;
			children = (
				842251C71CD6F15100810A21 /* Base */,
			);
			name = LaunchScreen.storyboard;
			sourceTree = "<group>";
		};
/* End PBXVariantGroup section */

/* Begin XCBuildConfiguration section */
		842251CA1CD6F15100810A21 /* Debug */ = {
			isa = XCBuildConfiguration;
			buildSettings = {
				ALWAYS_SEARCH_USER_PATHS = NO;
				CLANG_ANALYZER_NONNULL = YES;
				CLANG_CXX_LANGUAGE_STANDARD = "gnu++0x";
				CLANG_CXX_LIBRARY = "libc++";
				CLANG_ENABLE_MODULES = YES;
				CLANG_ENABLE_OBJC_ARC = YES;
				CLANG_WARN_BOOL_CONVERSION = YES;
				CLANG_WARN_CONSTANT_CONVERSION = YES;
				CLANG_WARN_DIRECT_OBJC_ISA_USAGE = YES_ERROR;
				CLANG_WARN_EMPTY_BODY = YES;
				CLANG_WARN_ENUM_CONVERSION = YES;
				CLANG_WARN_INT_CONVERSION = YES;
				CLANG_WARN_OBJC_ROOT_CLASS = YES_ERROR;
				CLANG_WARN_UNREACHABLE_CODE = YES;
				CLANG_WARN__DUPLICATE_METHOD_MATCH = YES;
				"CODE_SIGN_IDENTITY[sdk=iphoneos*]" = "iPhone Developer";
				COPY_PHASE_STRIP = NO;
				DEBUG_INFORMATION_FORMAT = dwarf;
				ENABLE_STRICT_OBJC_MSGSEND = YES;
				ENABLE_TESTABILITY = YES;
				GCC_C_LANGUAGE_STANDARD = gnu99;
				GCC_DYNAMIC_NO_PIC = NO;
				GCC_NO_COMMON_BLOCKS = YES;
				GCC_OPTIMIZATION_LEVEL = 0;
				GCC_PREPROCESSOR_DEFINITIONS = (
					"DEBUG=1",
					"$(inherited)",
				);
				GCC_WARN_64_TO_32_BIT_CONVERSION = YES;
				GCC_WARN_ABOUT_RETURN_TYPE = YES_ERROR;
				GCC_WARN_UNDECLARED_SELECTOR = YES;
				GCC_WARN_UNINITIALIZED_AUTOS = YES_AGGRESSIVE;
				GCC_WARN_UNUSED_FUNCTION = YES;
				GCC_WARN_UNUSED_VARIABLE = YES;
				IPHONEOS_DEPLOYMENT_TARGET = 9.3;
				MTL_ENABLE_DEBUG_INFO = YES;
				ONLY_ACTIVE_ARCH = YES;
				SDKROOT = iphoneos;
				SWIFT_OPTIMIZATION_LEVEL = "-Onone";
				TARGETED_DEVICE_FAMILY = "1,2";
			};
			name = Debug;
		};
		842251CB1CD6F15100810A21 /* Release */ = {
			isa = XCBuildConfiguration;
			buildSettings = {
				ALWAYS_SEARCH_USER_PATHS = NO;
				CLANG_ANALYZER_NONNULL = YES;
				CLANG_CXX_LANGUAGE_STANDARD = "gnu++0x";
				CLANG_CXX_LIBRARY = "libc++";
				CLANG_ENABLE_MODULES = YES;
				CLANG_ENABLE_OBJC_ARC = YES;
				CLANG_WARN_BOOL_CONVERSION = YES;
				CLANG_WARN_CONSTANT_CONVERSION = YES;
				CLANG_WARN_DIRECT_OBJC_ISA_USAGE = YES_ERROR;
				CLANG_WARN_EMPTY_BODY = YES;
				CLANG_WARN_ENUM_CONVERSION = YES;
				CLANG_WARN_INT_CONVERSION = YES;
				CLANG_WARN_OBJC_ROOT_CLASS = YES_ERROR;
				CLANG_WARN_UNREACHABLE_CODE = YES;
				CLANG_WARN__DUPLICATE_METHOD_MATCH = YES;
				"CODE_SIGN_IDENTITY[sdk=iphoneos*]" = "iPhone Developer";
				COPY_PHASE_STRIP = NO;
				DEBUG_INFORMATION_FORMAT = "dwarf-with-dsym";
				ENABLE_NS_ASSERTIONS = NO;
				ENABLE_STRICT_OBJC_MSGSEND = YES;
				GCC_C_LANGUAGE_STANDARD = gnu99;
				GCC_NO_COMMON_BLOCKS = YES;
				GCC_WARN_64_TO_32_BIT_CONVERSION = YES;
				GCC_WARN_ABOUT_RETURN_TYPE = YES_ERROR;
				GCC_WARN_UNDECLARED_SELECTOR = YES;
				GCC_WARN_UNINITIALIZED_AUTOS = YES_AGGRESSIVE;
				GCC_WARN_UNUSED_FUNCTION = YES;
				GCC_WARN_UNUSED_VARIABLE = YES;
				IPHONEOS_DEPLOYMENT_TARGET = 9.3;
				MTL_ENABLE_DEBUG_INFO = NO;
				SDKROOT = iphoneos;
				TARGETED_DEVICE_FAMILY = "1,2";
				VALIDATE_PRODUCT = YES;
			};
			name = Release;
		};
		842251CD1CD6F15100810A21 /* Debug */ = {
			isa = XCBuildConfiguration;
			buildSettings = {
				ASSETCATALOG_COMPILER_APPICON_NAME = AppIcon;
				INFOPLIST_FILE = "Virtual Tour/Info.plist";
				IPHONEOS_DEPLOYMENT_TARGET = 9.3;
				LD_RUNPATH_SEARCH_PATHS = "$(inherited) @executable_path/Frameworks";
				PRODUCT_BUNDLE_IDENTIFIER = "com.morra.Virtual-Tour";
				PRODUCT_NAME = "$(TARGET_NAME)";
			};
			name = Debug;
		};
		842251CE1CD6F15100810A21 /* Release */ = {
			isa = XCBuildConfiguration;
			buildSettings = {
				ASSETCATALOG_COMPILER_APPICON_NAME = AppIcon;
				INFOPLIST_FILE = "Virtual Tour/Info.plist";
				IPHONEOS_DEPLOYMENT_TARGET = 9.3;
				LD_RUNPATH_SEARCH_PATHS = "$(inherited) @executable_path/Frameworks";
				PRODUCT_BUNDLE_IDENTIFIER = "com.morra.Virtual-Tour";
				PRODUCT_NAME = "$(TARGET_NAME)";
			};
			name = Release;
		};
/* End XCBuildConfiguration section */

/* Begin XCConfigurationList section */
		842251B51CD6F15100810A21 /* Build configuration list for PBXProject "Virtual Tour" */ = {
			isa = XCConfigurationList;
			buildConfigurations = (
				842251CA1CD6F15100810A21 /* Debug */,
				842251CB1CD6F15100810A21 /* Release */,
			);
			defaultConfigurationIsVisible = 0;
			defaultConfigurationName = Release;
		};
		842251CC1CD6F15100810A21 /* Build configuration list for PBXNativeTarget "Virtual Tour" */ = {
			isa = XCConfigurationList;
			buildConfigurations = (
				842251CD1CD6F15100810A21 /* Debug */,
				842251CE1CD6F15100810A21 /* Release */,
			);
			defaultConfigurationIsVisible = 0;
			defaultConfigurationName = Release;
		};
/* End XCConfigurationList section */
	};
	rootObject = 842251B21CD6F15100810A21 /* Project object */;
}
